
Microsoft Visual Studio Solution File, Format Version 12.00
# Visual Studio Version 16
VisualStudioVersion = 16.0.30002.166
MinimumVisualStudioVersion = 10.0.40219.1
Project("{FAE04EC0-301F-11D3-BF4B-00C04F79EFBC}") = "EthereumTransaction", "EthereumTransaction\EthereumTransaction.csproj", "{0CBAA14B-72D7-4A39-BA4D-607F59E59F0D}"
EndProject
Global
	GlobalSection(SolutionConfigurationPlatforms) = preSolution
		Debug|Any CPU = Debug|Any CPU
		Release|Any CPU = Release|Any CPU
	EndGlobalSection
	GlobalSection(ProjectConfigurationPlatforms) = postSolution
		{0CBAA14B-72D7-4A39-BA4D-607F59E59F0D}.Debug|Any CPU.ActiveCfg = Debug|Any CPU
		{0CBAA14B-72D7-4A39-BA4D-607F59E59F0D}.Debug|Any CPU.Build.0 = Debug|Any CPU
		{0CBAA14B-72D7-4A39-BA4D-607F59E59F0D}.Release|Any CPU.ActiveCfg = Release|Any CPU
		{0CBAA14B-72D7-4A39-BA4D-607F59E59F0D}.Release|Any CPU.Build.0 = Release|Any CPU
	EndGlobalSection
	GlobalSection(SolutionProperties) = preSolution
		HideSolutionNode = FALSE
	EndGlobalSection
	GlobalSection(ExtensibilityGlobals) = postSolution
		SolutionGuid = {95DF4357-13AC-4752-8ACA-AF8F8F80794E}
	EndGlobalSection
EndGlobal
